
Microsoft Visual Studio Solution File, Format Version 12.00
# Visual Studio Version 17
VisualStudioVersion = 17.7.34221.43
MinimumVisualStudioVersion = 10.0.40219.1
Project("{9A19103F-16F7-4668-BE54-9A1E7A4F7556}") = "Fundamentals Part 2", "Fundamentals Part 2\Fundamentals Part 2.csproj", "{B7E5B492-3FA0-488E-8EC4-FE8EACDFEAA5}"
EndProject
Project("{9A19103F-16F7-4668-BE54-9A1E7A4F7556}") = "Randomize Words", "Randomize Words\Randomize Words.csproj", "{CCFDCF10-584F-489F-BB12-AA707489D764}"
EndProject
Project("{9A19103F-16F7-4668-BE54-9A1E7A4F7556}") = "BigFactorial", "BigFactorial\BigFactorial.csproj", "{5452CF10-C6B3-4BF4-8421-89DD81A5EEA1}"
EndProject
Project("{9A19103F-16F7-4668-BE54-9A1E7A4F7556}") = "AdvertismentMessage", "AdvertismentMessage\AdvertismentMessage.csproj", "{04C5BB94-7B3E-4702-9A4E-26E0E1B39C48}"
EndProject
Project("{9A19103F-16F7-4668-BE54-9A1E7A4F7556}") = "Articles", "Articles\Articles.csproj", "{DA2A1BBA-9116-4169-8A59-E409F0B26141}"
EndProject
Project("{9A19103F-16F7-4668-BE54-9A1E7A4F7556}") = "Articles 2.0", "Articles 2.0\Articles 2.0.csproj", "{648D7B08-DC39-44DA-85A7-4B8B5E04A311}"
EndProject
Project("{9A19103F-16F7-4668-BE54-9A1E7A4F7556}") = "Students", "Students\Students.csproj", "{FF43DCFD-3570-4DB2-A6AD-A9FB31D9E37F}"
EndProject
Project("{9A19103F-16F7-4668-BE54-9A1E7A4F7556}") = "TeamworkProjects", "TeamworkProjects\TeamworkProjects.csproj", "{D3142E56-EB75-4EAD-884E-23FC6FD426FF}"
EndProject
Project("{9A19103F-16F7-4668-BE54-9A1E7A4F7556}") = "CountRealNumbers", "CountRealNumbers\CountRealNumbers.csproj", "{A2AA1CC6-30D4-4265-B892-1CC20423F8C2}"
EndProject
Project("{9A19103F-16F7-4668-BE54-9A1E7A4F7556}") = "OddOccurrences", "OddOccurrences\OddOccurrences.csproj", "{E1EDCE99-4078-4120-AF95-78A5390A96AB}"
EndProject
Project("{9A19103F-16F7-4668-BE54-9A1E7A4F7556}") = "Word Synonyms", "Word Synonyms\Word Synonyms.csproj", "{E80FD973-0614-4C06-8A96-D0B02D5D27FE}"
EndProject
Project("{2150E333-8FDC-42A3-9474-1A3956D46DE8}") = "TextProcessing", "TextProcessing", "{2379C5C6-E1F9-440B-98A1-BF50D64186D7}"
EndProject
Project("{2150E333-8FDC-42A3-9474-1A3956D46DE8}") = "AssociativeArrays", "AssociativeArrays", "{92F0B642-1251-4948-828A-FDC047EA3604}"
EndProject
Project("{2150E333-8FDC-42A3-9474-1A3956D46DE8}") = "Objects and Classes", "Objects and Classes", "{A6A06CAF-5E4A-4266-951B-189D318662F8}"
EndProject
Project("{9A19103F-16F7-4668-BE54-9A1E7A4F7556}") = "WordFilter", "WordFilter\WordFilter.csproj", "{EDB55443-FD86-4076-AC47-242E4DC599DB}"
EndProject
Project("{2150E333-8FDC-42A3-9474-1A3956D46DE8}") = "Associative Arrays Exercises", "Associative Arrays Exercises", "{EC6DE5B8-2BFE-43E8-9351-21C75850D042}"
EndProject
Project("{9A19103F-16F7-4668-BE54-9A1E7A4F7556}") = "Count Chars in a String", "Count Chars in a String\Count Chars in a String.csproj", "{9EE74CE7-FB58-47D4-8F8F-C61BC128F88D}"
EndProject
Project("{9A19103F-16F7-4668-BE54-9A1E7A4F7556}") = "MinerTask", "MinerTask\MinerTask.csproj", "{A1C7E723-9E02-427D-B5FF-3615985E5F8E}"
EndProject
Project("{9A19103F-16F7-4668-BE54-9A1E7A4F7556}") = "Orders", "Orders\Orders.csproj", "{6A181BF7-7708-4CB8-9F1A-7B4B9F995A4C}"
EndProject
Project("{9A19103F-16F7-4668-BE54-9A1E7A4F7556}") = "SoftuniParking", "SoftuniParking\SoftuniParking.csproj", "{90E511EE-F32B-4724-A9B2-8677646B1455}"
EndProject
Project("{9A19103F-16F7-4668-BE54-9A1E7A4F7556}") = "Courses", "Courses\Courses.csproj", "{1EF0442B-5466-4F75-A726-0ED87F36AADA}"
EndProject
Project("{9A19103F-16F7-4668-BE54-9A1E7A4F7556}") = "StudentAcademy", "StudentAcademy\StudentAcademy.csproj", "{D26D81A1-8A80-48DB-8BC3-9DA25A68C9B5}"
EndProject
Project("{9A19103F-16F7-4668-BE54-9A1E7A4F7556}") = "ReverseStrings", "ReverseStrings\ReverseStrings.csproj", "{8515CE2E-D55E-4A41-BB51-961A0CBF4C0F}"
EndProject
Project("{9A19103F-16F7-4668-BE54-9A1E7A4F7556}") = "RepeatStrings", "RepeatStrings\RepeatStrings.csproj", "{1CE26622-E412-41FD-A9D4-202A7C39A3BC}"
EndProject
Project("{9A19103F-16F7-4668-BE54-9A1E7A4F7556}") = "Substring", "Substring\Substring.csproj", "{0B671783-E8AB-44EE-A4F6-4A50D76F1C07}"
EndProject
Project("{9A19103F-16F7-4668-BE54-9A1E7A4F7556}") = "Text Filter", "Text Filter\Text Filter.csproj", "{7462D043-9C9B-4F20-8D89-80CDA471F870}"
EndProject
Project("{9A19103F-16F7-4668-BE54-9A1E7A4F7556}") = "StringBuilders", "StringBuilder\StringBuilders.csproj", "{3E5E0A94-AEC1-4EA7-855E-2E110FC56831}"
EndProject
Project("{9A19103F-16F7-4668-BE54-9A1E7A4F7556}") = "DigitsLettersAndOther", "DigitsLettersAndOther\DigitsLettersAndOther.csproj", "{0FB31496-0B15-4AD8-AAEB-3F321F1A0B4A}"
EndProject
Project("{2150E333-8FDC-42A3-9474-1A3956D46DE8}") = "TextProcessingExercises", "TextProcessingExercises", "{506C18CB-596F-4D1E-84CC-6C575E7CC26D}"
EndProject
Project("{9A19103F-16F7-4668-BE54-9A1E7A4F7556}") = "ValidUsernames", "ValidUsernames\ValidUsernames.csproj", "{5FE101BF-C5D9-497B-A5C0-67C58B58280C}"
EndProject
Project("{9A19103F-16F7-4668-BE54-9A1E7A4F7556}") = "CharacterMultiplier", "CharacterMultiplier\CharacterMultiplier.csproj", "{6AE3BEB5-D7CF-413E-A219-101DEAF6DF11}"
EndProject
Project("{9A19103F-16F7-4668-BE54-9A1E7A4F7556}") = "ExtractFile", "ExtractFile\ExtractFile.csproj", "{31F49481-7998-4807-A297-78F877B46B35}"
EndProject
Project("{9A19103F-16F7-4668-BE54-9A1E7A4F7556}") = "CeasarCipher", "CeaserCipher\CeasarCipher.csproj", "{AA23201B-84B4-46B0-879A-2EE80B797DE5}"
EndProject
Project("{FAE04EC0-301F-11D3-BF4B-00C04F79EFBC}") = "MultiplyBigNumber", "MultiplyBigNumber\MultiplyBigNumber.csproj", "{80AECEEC-B35A-42B4-A48B-42F25669012B}"
EndProject
Project("{FAE04EC0-301F-11D3-BF4B-00C04F79EFBC}") = "ReplaceRepeatingStrings", "ReplaceRepeatingStrings\ReplaceRepeatingStrings.csproj", "{02B0E0A1-8720-4A32-834B-75F2F08ED4D3}"
EndProject
Project("{FAE04EC0-301F-11D3-BF4B-00C04F79EFBC}") = "StringExplosion", "StringExplosion\StringExplosion.csproj", "{B4951692-338A-49A5-9F30-2038BA10E073}"
EndProject
Project("{2150E333-8FDC-42A3-9474-1A3956D46DE8}") = "RegEx", "RegEx", "{69231446-4407-4EFC-993C-5B7B17151118}"
EndProject
Global
	GlobalSection(SolutionConfigurationPlatforms) = preSolution
		Debug|Any CPU = Debug|Any CPU
		Release|Any CPU = Release|Any CPU
	EndGlobalSection
	GlobalSection(ProjectConfigurationPlatforms) = postSolution
		{B7E5B492-3FA0-488E-8EC4-FE8EACDFEAA5}.Debug|Any CPU.ActiveCfg = Debug|Any CPU
		{B7E5B492-3FA0-488E-8EC4-FE8EACDFEAA5}.Debug|Any CPU.Build.0 = Debug|Any CPU
		{B7E5B492-3FA0-488E-8EC4-FE8EACDFEAA5}.Release|Any CPU.ActiveCfg = Release|Any CPU
		{B7E5B492-3FA0-488E-8EC4-FE8EACDFEAA5}.Release|Any CPU.Build.0 = Release|Any CPU
		{CCFDCF10-584F-489F-BB12-AA707489D764}.Debug|Any CPU.ActiveCfg = Debug|Any CPU
		{CCFDCF10-584F-489F-BB12-AA707489D764}.Debug|Any CPU.Build.0 = Debug|Any CPU
		{CCFDCF10-584F-489F-BB12-AA707489D764}.Release|Any CPU.ActiveCfg = Release|Any CPU
		{CCFDCF10-584F-489F-BB12-AA707489D764}.Release|Any CPU.Build.0 = Release|Any CPU
		{5452CF10-C6B3-4BF4-8421-89DD81A5EEA1}.Debug|Any CPU.ActiveCfg = Debug|Any CPU
		{5452CF10-C6B3-4BF4-8421-89DD81A5EEA1}.Debug|Any CPU.Build.0 = Debug|Any CPU
		{5452CF10-C6B3-4BF4-8421-89DD81A5EEA1}.Release|Any CPU.ActiveCfg = Release|Any CPU
		{5452CF10-C6B3-4BF4-8421-89DD81A5EEA1}.Release|Any CPU.Build.0 = Release|Any CPU
		{04C5BB94-7B3E-4702-9A4E-26E0E1B39C48}.Debug|Any CPU.ActiveCfg = Debug|Any CPU
		{04C5BB94-7B3E-4702-9A4E-26E0E1B39C48}.Debug|Any CPU.Build.0 = Debug|Any CPU
		{04C5BB94-7B3E-4702-9A4E-26E0E1B39C48}.Release|Any CPU.ActiveCfg = Release|Any CPU
		{04C5BB94-7B3E-4702-9A4E-26E0E1B39C48}.Release|Any CPU.Build.0 = Release|Any CPU
		{DA2A1BBA-9116-4169-8A59-E409F0B26141}.Debug|Any CPU.ActiveCfg = Debug|Any CPU
		{DA2A1BBA-9116-4169-8A59-E409F0B26141}.Debug|Any CPU.Build.0 = Debug|Any CPU
		{DA2A1BBA-9116-4169-8A59-E409F0B26141}.Release|Any CPU.ActiveCfg = Release|Any CPU
		{DA2A1BBA-9116-4169-8A59-E409F0B26141}.Release|Any CPU.Build.0 = Release|Any CPU
		{648D7B08-DC39-44DA-85A7-4B8B5E04A311}.Debug|Any CPU.ActiveCfg = Debug|Any CPU
		{648D7B08-DC39-44DA-85A7-4B8B5E04A311}.Debug|Any CPU.Build.0 = Debug|Any CPU
		{648D7B08-DC39-44DA-85A7-4B8B5E04A311}.Release|Any CPU.ActiveCfg = Release|Any CPU
		{648D7B08-DC39-44DA-85A7-4B8B5E04A311}.Release|Any CPU.Build.0 = Release|Any CPU
		{FF43DCFD-3570-4DB2-A6AD-A9FB31D9E37F}.Debug|Any CPU.ActiveCfg = Debug|Any CPU
		{FF43DCFD-3570-4DB2-A6AD-A9FB31D9E37F}.Debug|Any CPU.Build.0 = Debug|Any CPU
		{FF43DCFD-3570-4DB2-A6AD-A9FB31D9E37F}.Release|Any CPU.ActiveCfg = Release|Any CPU
		{FF43DCFD-3570-4DB2-A6AD-A9FB31D9E37F}.Release|Any CPU.Build.0 = Release|Any CPU
		{D3142E56-EB75-4EAD-884E-23FC6FD426FF}.Debug|Any CPU.ActiveCfg = Debug|Any CPU
		{D3142E56-EB75-4EAD-884E-23FC6FD426FF}.Debug|Any CPU.Build.0 = Debug|Any CPU
		{D3142E56-EB75-4EAD-884E-23FC6FD426FF}.Release|Any CPU.ActiveCfg = Release|Any CPU
		{D3142E56-EB75-4EAD-884E-23FC6FD426FF}.Release|Any CPU.Build.0 = Release|Any CPU
		{A2AA1CC6-30D4-4265-B892-1CC20423F8C2}.Debug|Any CPU.ActiveCfg = Debug|Any CPU
		{A2AA1CC6-30D4-4265-B892-1CC20423F8C2}.Debug|Any CPU.Build.0 = Debug|Any CPU
		{A2AA1CC6-30D4-4265-B892-1CC20423F8C2}.Release|Any CPU.ActiveCfg = Release|Any CPU
		{A2AA1CC6-30D4-4265-B892-1CC20423F8C2}.Release|Any CPU.Build.0 = Release|Any CPU
		{E1EDCE99-4078-4120-AF95-78A5390A96AB}.Debug|Any CPU.ActiveCfg = Debug|Any CPU
		{E1EDCE99-4078-4120-AF95-78A5390A96AB}.Debug|Any CPU.Build.0 = Debug|Any CPU
		{E1EDCE99-4078-4120-AF95-78A5390A96AB}.Release|Any CPU.ActiveCfg = Release|Any CPU
		{E1EDCE99-4078-4120-AF95-78A5390A96AB}.Release|Any CPU.Build.0 = Release|Any CPU
		{E80FD973-0614-4C06-8A96-D0B02D5D27FE}.Debug|Any CPU.ActiveCfg = Debug|Any CPU
		{E80FD973-0614-4C06-8A96-D0B02D5D27FE}.Debug|Any CPU.Build.0 = Debug|Any CPU
		{E80FD973-0614-4C06-8A96-D0B02D5D27FE}.Release|Any CPU.ActiveCfg = Release|Any CPU
		{E80FD973-0614-4C06-8A96-D0B02D5D27FE}.Release|Any CPU.Build.0 = Release|Any CPU
		{EDB55443-FD86-4076-AC47-242E4DC599DB}.Debug|Any CPU.ActiveCfg = Debug|Any CPU
		{EDB55443-FD86-4076-AC47-242E4DC599DB}.Debug|Any CPU.Build.0 = Debug|Any CPU
		{EDB55443-FD86-4076-AC47-242E4DC599DB}.Release|Any CPU.ActiveCfg = Release|Any CPU
		{EDB55443-FD86-4076-AC47-242E4DC599DB}.Release|Any CPU.Build.0 = Release|Any CPU
		{9EE74CE7-FB58-47D4-8F8F-C61BC128F88D}.Debug|Any CPU.ActiveCfg = Debug|Any CPU
		{9EE74CE7-FB58-47D4-8F8F-C61BC128F88D}.Debug|Any CPU.Build.0 = Debug|Any CPU
		{9EE74CE7-FB58-47D4-8F8F-C61BC128F88D}.Release|Any CPU.ActiveCfg = Release|Any CPU
		{9EE74CE7-FB58-47D4-8F8F-C61BC128F88D}.Release|Any CPU.Build.0 = Release|Any CPU
		{A1C7E723-9E02-427D-B5FF-3615985E5F8E}.Debug|Any CPU.ActiveCfg = Debug|Any CPU
		{A1C7E723-9E02-427D-B5FF-3615985E5F8E}.Debug|Any CPU.Build.0 = Debug|Any CPU
		{A1C7E723-9E02-427D-B5FF-3615985E5F8E}.Release|Any CPU.ActiveCfg = Release|Any CPU
		{A1C7E723-9E02-427D-B5FF-3615985E5F8E}.Release|Any CPU.Build.0 = Release|Any CPU
		{6A181BF7-7708-4CB8-9F1A-7B4B9F995A4C}.Debug|Any CPU.ActiveCfg = Debug|Any CPU
		{6A181BF7-7708-4CB8-9F1A-7B4B9F995A4C}.Debug|Any CPU.Build.0 = Debug|Any CPU
		{6A181BF7-7708-4CB8-9F1A-7B4B9F995A4C}.Release|Any CPU.ActiveCfg = Release|Any CPU
		{6A181BF7-7708-4CB8-9F1A-7B4B9F995A4C}.Release|Any CPU.Build.0 = Release|Any CPU
		{90E511EE-F32B-4724-A9B2-8677646B1455}.Debug|Any CPU.ActiveCfg = Debug|Any CPU
		{90E511EE-F32B-4724-A9B2-8677646B1455}.Debug|Any CPU.Build.0 = Debug|Any CPU
		{90E511EE-F32B-4724-A9B2-8677646B1455}.Release|Any CPU.ActiveCfg = Release|Any CPU
		{90E511EE-F32B-4724-A9B2-8677646B1455}.Release|Any CPU.Build.0 = Release|Any CPU
		{1EF0442B-5466-4F75-A726-0ED87F36AADA}.Debug|Any CPU.ActiveCfg = Debug|Any CPU
		{1EF0442B-5466-4F75-A726-0ED87F36AADA}.Debug|Any CPU.Build.0 = Debug|Any CPU
		{1EF0442B-5466-4F75-A726-0ED87F36AADA}.Release|Any CPU.ActiveCfg = Release|Any CPU
		{1EF0442B-5466-4F75-A726-0ED87F36AADA}.Release|Any CPU.Build.0 = Release|Any CPU
		{D26D81A1-8A80-48DB-8BC3-9DA25A68C9B5}.Debug|Any CPU.ActiveCfg = Debug|Any CPU
		{D26D81A1-8A80-48DB-8BC3-9DA25A68C9B5}.Debug|Any CPU.Build.0 = Debug|Any CPU
		{D26D81A1-8A80-48DB-8BC3-9DA25A68C9B5}.Release|Any CPU.ActiveCfg = Release|Any CPU
		{D26D81A1-8A80-48DB-8BC3-9DA25A68C9B5}.Release|Any CPU.Build.0 = Release|Any CPU
		{8515CE2E-D55E-4A41-BB51-961A0CBF4C0F}.Debug|Any CPU.ActiveCfg = Debug|Any CPU
		{8515CE2E-D55E-4A41-BB51-961A0CBF4C0F}.Debug|Any CPU.Build.0 = Debug|Any CPU
		{8515CE2E-D55E-4A41-BB51-961A0CBF4C0F}.Release|Any CPU.ActiveCfg = Release|Any CPU
		{8515CE2E-D55E-4A41-BB51-961A0CBF4C0F}.Release|Any CPU.Build.0 = Release|Any CPU
		{1CE26622-E412-41FD-A9D4-202A7C39A3BC}.Debug|Any CPU.ActiveCfg = Debug|Any CPU
		{1CE26622-E412-41FD-A9D4-202A7C39A3BC}.Debug|Any CPU.Build.0 = Debug|Any CPU
		{1CE26622-E412-41FD-A9D4-202A7C39A3BC}.Release|Any CPU.ActiveCfg = Release|Any CPU
		{1CE26622-E412-41FD-A9D4-202A7C39A3BC}.Release|Any CPU.Build.0 = Release|Any CPU
		{0B671783-E8AB-44EE-A4F6-4A50D76F1C07}.Debug|Any CPU.ActiveCfg = Debug|Any CPU
		{0B671783-E8AB-44EE-A4F6-4A50D76F1C07}.Debug|Any CPU.Build.0 = Debug|Any CPU
		{0B671783-E8AB-44EE-A4F6-4A50D76F1C07}.Release|Any CPU.ActiveCfg = Release|Any CPU
		{0B671783-E8AB-44EE-A4F6-4A50D76F1C07}.Release|Any CPU.Build.0 = Release|Any CPU
		{7462D043-9C9B-4F20-8D89-80CDA471F870}.Debug|Any CPU.ActiveCfg = Debug|Any CPU
		{7462D043-9C9B-4F20-8D89-80CDA471F870}.Debug|Any CPU.Build.0 = Debug|Any CPU
		{7462D043-9C9B-4F20-8D89-80CDA471F870}.Release|Any CPU.ActiveCfg = Release|Any CPU
		{7462D043-9C9B-4F20-8D89-80CDA471F870}.Release|Any CPU.Build.0 = Release|Any CPU
		{3E5E0A94-AEC1-4EA7-855E-2E110FC56831}.Debug|Any CPU.ActiveCfg = Debug|Any CPU
		{3E5E0A94-AEC1-4EA7-855E-2E110FC56831}.Debug|Any CPU.Build.0 = Debug|Any CPU
		{3E5E0A94-AEC1-4EA7-855E-2E110FC56831}.Release|Any CPU.ActiveCfg = Release|Any CPU
		{3E5E0A94-AEC1-4EA7-855E-2E110FC56831}.Release|Any CPU.Build.0 = Release|Any CPU
		{0FB31496-0B15-4AD8-AAEB-3F321F1A0B4A}.Debug|Any CPU.ActiveCfg = Debug|Any CPU
		{0FB31496-0B15-4AD8-AAEB-3F321F1A0B4A}.Debug|Any CPU.Build.0 = Debug|Any CPU
		{0FB31496-0B15-4AD8-AAEB-3F321F1A0B4A}.Release|Any CPU.ActiveCfg = Release|Any CPU
		{0FB31496-0B15-4AD8-AAEB-3F321F1A0B4A}.Release|Any CPU.Build.0 = Release|Any CPU
		{5FE101BF-C5D9-497B-A5C0-67C58B58280C}.Debug|Any CPU.ActiveCfg = Debug|Any CPU
		{5FE101BF-C5D9-497B-A5C0-67C58B58280C}.Debug|Any CPU.Build.0 = Debug|Any CPU
		{5FE101BF-C5D9-497B-A5C0-67C58B58280C}.Release|Any CPU.ActiveCfg = Release|Any CPU
		{5FE101BF-C5D9-497B-A5C0-67C58B58280C}.Release|Any CPU.Build.0 = Release|Any CPU
		{6AE3BEB5-D7CF-413E-A219-101DEAF6DF11}.Debug|Any CPU.ActiveCfg = Debug|Any CPU
		{6AE3BEB5-D7CF-413E-A219-101DEAF6DF11}.Debug|Any CPU.Build.0 = Debug|Any CPU
		{6AE3BEB5-D7CF-413E-A219-101DEAF6DF11}.Release|Any CPU.ActiveCfg = Release|Any CPU
		{6AE3BEB5-D7CF-413E-A219-101DEAF6DF11}.Release|Any CPU.Build.0 = Release|Any CPU
		{31F49481-7998-4807-A297-78F877B46B35}.Debug|Any CPU.ActiveCfg = Debug|Any CPU
		{31F49481-7998-4807-A297-78F877B46B35}.Debug|Any CPU.Build.0 = Debug|Any CPU
		{31F49481-7998-4807-A297-78F877B46B35}.Release|Any CPU.ActiveCfg = Release|Any CPU
		{31F49481-7998-4807-A297-78F877B46B35}.Release|Any CPU.Build.0 = Release|Any CPU
		{AA23201B-84B4-46B0-879A-2EE80B797DE5}.Debug|Any CPU.ActiveCfg = Debug|Any CPU
		{AA23201B-84B4-46B0-879A-2EE80B797DE5}.Debug|Any CPU.Build.0 = Debug|Any CPU
		{AA23201B-84B4-46B0-879A-2EE80B797DE5}.Release|Any CPU.ActiveCfg = Release|Any CPU
		{AA23201B-84B4-46B0-879A-2EE80B797DE5}.Release|Any CPU.Build.0 = Release|Any CPU
		{80AECEEC-B35A-42B4-A48B-42F25669012B}.Debug|Any CPU.ActiveCfg = Debug|Any CPU
		{80AECEEC-B35A-42B4-A48B-42F25669012B}.Debug|Any CPU.Build.0 = Debug|Any CPU
		{80AECEEC-B35A-42B4-A48B-42F25669012B}.Release|Any CPU.ActiveCfg = Release|Any CPU
		{80AECEEC-B35A-42B4-A48B-42F25669012B}.Release|Any CPU.Build.0 = Release|Any CPU
		{02B0E0A1-8720-4A32-834B-75F2F08ED4D3}.Debug|Any CPU.ActiveCfg = Debug|Any CPU
		{02B0E0A1-8720-4A32-834B-75F2F08ED4D3}.Debug|Any CPU.Build.0 = Debug|Any CPU
		{02B0E0A1-8720-4A32-834B-75F2F08ED4D3}.Release|Any CPU.ActiveCfg = Release|Any CPU
		{02B0E0A1-8720-4A32-834B-75F2F08ED4D3}.Release|Any CPU.Build.0 = Release|Any CPU
		{B4951692-338A-49A5-9F30-2038BA10E073}.Debug|Any CPU.ActiveCfg = Debug|Any CPU
		{B4951692-338A-49A5-9F30-2038BA10E073}.Debug|Any CPU.Build.0 = Debug|Any CPU
		{B4951692-338A-49A5-9F30-2038BA10E073}.Release|Any CPU.ActiveCfg = Release|Any CPU
		{B4951692-338A-49A5-9F30-2038BA10E073}.Release|Any CPU.Build.0 = Release|Any CPU
	EndGlobalSection
	GlobalSection(SolutionProperties) = preSolution
		HideSolutionNode = FALSE
	EndGlobalSection
	GlobalSection(NestedProjects) = preSolution
		{B7E5B492-3FA0-488E-8EC4-FE8EACDFEAA5} = {A6A06CAF-5E4A-4266-951B-189D318662F8}
		{CCFDCF10-584F-489F-BB12-AA707489D764} = {A6A06CAF-5E4A-4266-951B-189D318662F8}
		{5452CF10-C6B3-4BF4-8421-89DD81A5EEA1} = {A6A06CAF-5E4A-4266-951B-189D318662F8}
		{04C5BB94-7B3E-4702-9A4E-26E0E1B39C48} = {A6A06CAF-5E4A-4266-951B-189D318662F8}
		{DA2A1BBA-9116-4169-8A59-E409F0B26141} = {A6A06CAF-5E4A-4266-951B-189D318662F8}
		{648D7B08-DC39-44DA-85A7-4B8B5E04A311} = {A6A06CAF-5E4A-4266-951B-189D318662F8}
		{FF43DCFD-3570-4DB2-A6AD-A9FB31D9E37F} = {A6A06CAF-5E4A-4266-951B-189D318662F8}
		{D3142E56-EB75-4EAD-884E-23FC6FD426FF} = {A6A06CAF-5E4A-4266-951B-189D318662F8}
		{A2AA1CC6-30D4-4265-B892-1CC20423F8C2} = {92F0B642-1251-4948-828A-FDC047EA3604}
		{E1EDCE99-4078-4120-AF95-78A5390A96AB} = {92F0B642-1251-4948-828A-FDC047EA3604}
		{E80FD973-0614-4C06-8A96-D0B02D5D27FE} = {92F0B642-1251-4948-828A-FDC047EA3604}
		{EDB55443-FD86-4076-AC47-242E4DC599DB} = {92F0B642-1251-4948-828A-FDC047EA3604}
		{EC6DE5B8-2BFE-43E8-9351-21C75850D042} = {92F0B642-1251-4948-828A-FDC047EA3604}
		{9EE74CE7-FB58-47D4-8F8F-C61BC128F88D} = {EC6DE5B8-2BFE-43E8-9351-21C75850D042}
		{A1C7E723-9E02-427D-B5FF-3615985E5F8E} = {EC6DE5B8-2BFE-43E8-9351-21C75850D042}
		{6A181BF7-7708-4CB8-9F1A-7B4B9F995A4C} = {EC6DE5B8-2BFE-43E8-9351-21C75850D042}
		{90E511EE-F32B-4724-A9B2-8677646B1455} = {EC6DE5B8-2BFE-43E8-9351-21C75850D042}
		{1EF0442B-5466-4F75-A726-0ED87F36AADA} = {EC6DE5B8-2BFE-43E8-9351-21C75850D042}
		{D26D81A1-8A80-48DB-8BC3-9DA25A68C9B5} = {EC6DE5B8-2BFE-43E8-9351-21C75850D042}
		{8515CE2E-D55E-4A41-BB51-961A0CBF4C0F} = {2379C5C6-E1F9-440B-98A1-BF50D64186D7}
		{1CE26622-E412-41FD-A9D4-202A7C39A3BC} = {2379C5C6-E1F9-440B-98A1-BF50D64186D7}
		{0B671783-E8AB-44EE-A4F6-4A50D76F1C07} = {2379C5C6-E1F9-440B-98A1-BF50D64186D7}
		{7462D043-9C9B-4F20-8D89-80CDA471F870} = {2379C5C6-E1F9-440B-98A1-BF50D64186D7}
		{3E5E0A94-AEC1-4EA7-855E-2E110FC56831} = {2379C5C6-E1F9-440B-98A1-BF50D64186D7}
		{0FB31496-0B15-4AD8-AAEB-3F321F1A0B4A} = {2379C5C6-E1F9-440B-98A1-BF50D64186D7}
		{506C18CB-596F-4D1E-84CC-6C575E7CC26D} = {2379C5C6-E1F9-440B-98A1-BF50D64186D7}
		{5FE101BF-C5D9-497B-A5C0-67C58B58280C} = {506C18CB-596F-4D1E-84CC-6C575E7CC26D}
		{6AE3BEB5-D7CF-413E-A219-101DEAF6DF11} = {506C18CB-596F-4D1E-84CC-6C575E7CC26D}
		{31F49481-7998-4807-A297-78F877B46B35} = {506C18CB-596F-4D1E-84CC-6C575E7CC26D}
		{AA23201B-84B4-46B0-879A-2EE80B797DE5} = {506C18CB-596F-4D1E-84CC-6C575E7CC26D}
		{80AECEEC-B35A-42B4-A48B-42F25669012B} = {506C18CB-596F-4D1E-84CC-6C575E7CC26D}
		{02B0E0A1-8720-4A32-834B-75F2F08ED4D3} = {506C18CB-596F-4D1E-84CC-6C575E7CC26D}
		{B4951692-338A-49A5-9F30-2038BA10E073} = {506C18CB-596F-4D1E-84CC-6C575E7CC26D}
	EndGlobalSection
	GlobalSection(ExtensibilityGlobals) = postSolution
		SolutionGuid = {5DB27BBC-5133-411D-AF05-4A21F290C200}
	EndGlobalSection
EndGlobal
