
Microsoft Visual Studio Solution File, Format Version 12.00
# Visual Studio Version 17
VisualStudioVersion = 17.7.34221.43
MinimumVisualStudioVersion = 10.0.40219.1
Project("{9A19103F-16F7-4668-BE54-9A1E7A4F7556}") = "Fundamentals Part 2", "Fundamentals Part 2\Fundamentals Part 2.csproj", "{B7E5B492-3FA0-488E-8EC4-FE8EACDFEAA5}"
EndProject
Project("{9A19103F-16F7-4668-BE54-9A1E7A4F7556}") = "Randomize Words", "Randomize Words\Randomize Words.csproj", "{CCFDCF10-584F-489F-BB12-AA707489D764}"
EndProject
Project("{9A19103F-16F7-4668-BE54-9A1E7A4F7556}") = "BigFactorial", "BigFactorial\BigFactorial.csproj", "{5452CF10-C6B3-4BF4-8421-89DD81A5EEA1}"
EndProject
Project("{9A19103F-16F7-4668-BE54-9A1E7A4F7556}") = "AdvertismentMessage", "AdvertismentMessage\AdvertismentMessage.csproj", "{04C5BB94-7B3E-4702-9A4E-26E0E1B39C48}"
EndProject
Project("{9A19103F-16F7-4668-BE54-9A1E7A4F7556}") = "Articles", "Articles\Articles.csproj", "{DA2A1BBA-9116-4169-8A59-E409F0B26141}"
EndProject
Project("{9A19103F-16F7-4668-BE54-9A1E7A4F7556}") = "Articles 2.0", "Articles 2.0\Articles 2.0.csproj", "{648D7B08-DC39-44DA-85A7-4B8B5E04A311}"
EndProject
Project("{9A19103F-16F7-4668-BE54-9A1E7A4F7556}") = "Students", "Students\Students.csproj", "{FF43DCFD-3570-4DB2-A6AD-A9FB31D9E37F}"
EndProject
Project("{9A19103F-16F7-4668-BE54-9A1E7A4F7556}") = "TeamworkProjects", "TeamworkProjects\TeamworkProjects.csproj", "{D3142E56-EB75-4EAD-884E-23FC6FD426FF}"
EndProject
Project("{FAE04EC0-301F-11D3-BF4B-00C04F79EFBC}") = "CountRealNumbers", "CountRealNumbers\CountRealNumbers.csproj", "{A2AA1CC6-30D4-4265-B892-1CC20423F8C2}"
EndProject
Project("{FAE04EC0-301F-11D3-BF4B-00C04F79EFBC}") = "OddOccurrences", "OddOccurrences\OddOccurrences.csproj", "{E1EDCE99-4078-4120-AF95-78A5390A96AB}"
EndProject
Global
	GlobalSection(SolutionConfigurationPlatforms) = preSolution
		Debug|Any CPU = Debug|Any CPU
		Release|Any CPU = Release|Any CPU
	EndGlobalSection
	GlobalSection(ProjectConfigurationPlatforms) = postSolution
		{B7E5B492-3FA0-488E-8EC4-FE8EACDFEAA5}.Debug|Any CPU.ActiveCfg = Debug|Any CPU
		{B7E5B492-3FA0-488E-8EC4-FE8EACDFEAA5}.Debug|Any CPU.Build.0 = Debug|Any CPU
		{B7E5B492-3FA0-488E-8EC4-FE8EACDFEAA5}.Release|Any CPU.ActiveCfg = Release|Any CPU
		{B7E5B492-3FA0-488E-8EC4-FE8EACDFEAA5}.Release|Any CPU.Build.0 = Release|Any CPU
		{CCFDCF10-584F-489F-BB12-AA707489D764}.Debug|Any CPU.ActiveCfg = Debug|Any CPU
		{CCFDCF10-584F-489F-BB12-AA707489D764}.Debug|Any CPU.Build.0 = Debug|Any CPU
		{CCFDCF10-584F-489F-BB12-AA707489D764}.Release|Any CPU.ActiveCfg = Release|Any CPU
		{CCFDCF10-584F-489F-BB12-AA707489D764}.Release|Any CPU.Build.0 = Release|Any CPU
		{5452CF10-C6B3-4BF4-8421-89DD81A5EEA1}.Debug|Any CPU.ActiveCfg = Debug|Any CPU
		{5452CF10-C6B3-4BF4-8421-89DD81A5EEA1}.Debug|Any CPU.Build.0 = Debug|Any CPU
		{5452CF10-C6B3-4BF4-8421-89DD81A5EEA1}.Release|Any CPU.ActiveCfg = Release|Any CPU
		{5452CF10-C6B3-4BF4-8421-89DD81A5EEA1}.Release|Any CPU.Build.0 = Release|Any CPU
		{04C5BB94-7B3E-4702-9A4E-26E0E1B39C48}.Debug|Any CPU.ActiveCfg = Debug|Any CPU
		{04C5BB94-7B3E-4702-9A4E-26E0E1B39C48}.Debug|Any CPU.Build.0 = Debug|Any CPU
		{04C5BB94-7B3E-4702-9A4E-26E0E1B39C48}.Release|Any CPU.ActiveCfg = Release|Any CPU
		{04C5BB94-7B3E-4702-9A4E-26E0E1B39C48}.Release|Any CPU.Build.0 = Release|Any CPU
		{DA2A1BBA-9116-4169-8A59-E409F0B26141}.Debug|Any CPU.ActiveCfg = Debug|Any CPU
		{DA2A1BBA-9116-4169-8A59-E409F0B26141}.Debug|Any CPU.Build.0 = Debug|Any CPU
		{DA2A1BBA-9116-4169-8A59-E409F0B26141}.Release|Any CPU.ActiveCfg = Release|Any CPU
		{DA2A1BBA-9116-4169-8A59-E409F0B26141}.Release|Any CPU.Build.0 = Release|Any CPU
		{648D7B08-DC39-44DA-85A7-4B8B5E04A311}.Debug|Any CPU.ActiveCfg = Debug|Any CPU
		{648D7B08-DC39-44DA-85A7-4B8B5E04A311}.Debug|Any CPU.Build.0 = Debug|Any CPU
		{648D7B08-DC39-44DA-85A7-4B8B5E04A311}.Release|Any CPU.ActiveCfg = Release|Any CPU
		{648D7B08-DC39-44DA-85A7-4B8B5E04A311}.Release|Any CPU.Build.0 = Release|Any CPU
		{FF43DCFD-3570-4DB2-A6AD-A9FB31D9E37F}.Debug|Any CPU.ActiveCfg = Debug|Any CPU
		{FF43DCFD-3570-4DB2-A6AD-A9FB31D9E37F}.Debug|Any CPU.Build.0 = Debug|Any CPU
		{FF43DCFD-3570-4DB2-A6AD-A9FB31D9E37F}.Release|Any CPU.ActiveCfg = Release|Any CPU
		{FF43DCFD-3570-4DB2-A6AD-A9FB31D9E37F}.Release|Any CPU.Build.0 = Release|Any CPU
		{D3142E56-EB75-4EAD-884E-23FC6FD426FF}.Debug|Any CPU.ActiveCfg = Debug|Any CPU
		{D3142E56-EB75-4EAD-884E-23FC6FD426FF}.Debug|Any CPU.Build.0 = Debug|Any CPU
		{D3142E56-EB75-4EAD-884E-23FC6FD426FF}.Release|Any CPU.ActiveCfg = Release|Any CPU
		{D3142E56-EB75-4EAD-884E-23FC6FD426FF}.Release|Any CPU.Build.0 = Release|Any CPU
		{A2AA1CC6-30D4-4265-B892-1CC20423F8C2}.Debug|Any CPU.ActiveCfg = Debug|Any CPU
		{A2AA1CC6-30D4-4265-B892-1CC20423F8C2}.Debug|Any CPU.Build.0 = Debug|Any CPU
		{A2AA1CC6-30D4-4265-B892-1CC20423F8C2}.Release|Any CPU.ActiveCfg = Release|Any CPU
		{A2AA1CC6-30D4-4265-B892-1CC20423F8C2}.Release|Any CPU.Build.0 = Release|Any CPU
		{E1EDCE99-4078-4120-AF95-78A5390A96AB}.Debug|Any CPU.ActiveCfg = Debug|Any CPU
		{E1EDCE99-4078-4120-AF95-78A5390A96AB}.Debug|Any CPU.Build.0 = Debug|Any CPU
		{E1EDCE99-4078-4120-AF95-78A5390A96AB}.Release|Any CPU.ActiveCfg = Release|Any CPU
		{E1EDCE99-4078-4120-AF95-78A5390A96AB}.Release|Any CPU.Build.0 = Release|Any CPU
	EndGlobalSection
	GlobalSection(SolutionProperties) = preSolution
		HideSolutionNode = FALSE
	EndGlobalSection
	GlobalSection(ExtensibilityGlobals) = postSolution
		SolutionGuid = {5DB27BBC-5133-411D-AF05-4A21F290C200}
	EndGlobalSection
EndGlobal
